
Microsoft Visual Studio Solution File, Format Version 12.00
# Visual Studio Version 17
VisualStudioVersion = 17.11.35312.102
MinimumVisualStudioVersion = 10.0.40219.1
Project("{FAE04EC0-301F-11D3-BF4B-00C04F79EFBC}") = "PaltalkNickReader", "PaltalkNickReader.csproj", "{5E6C95AF-0DB4-4AF9-B64C-D91521734996}"
EndProject
Global
	GlobalSection(SolutionConfigurationPlatforms) = preSolution
		Debug|Any CPU = Debug|Any CPU
		Release|Any CPU = Release|Any CPU
	EndGlobalSection
	GlobalSection(ProjectConfigurationPlatforms) = postSolution
		{5E6C95AF-0DB4-4AF9-B64C-D91521734996}.Debug|Any CPU.ActiveCfg = Debug|Any CPU
		{5E6C95AF-0DB4-4AF9-B64C-D91521734996}.Debug|Any CPU.Build.0 = Debug|Any CPU
		{5E6C95AF-0DB4-4AF9-B64C-D91521734996}.Release|Any CPU.ActiveCfg = Release|Any CPU
		{5E6C95AF-0DB4-4AF9-B64C-D91521734996}.Release|Any CPU.Build.0 = Release|Any CPU
	EndGlobalSection
	GlobalSection(SolutionProperties) = preSolution
		HideSolutionNode = FALSE
	EndGlobalSection
	GlobalSection(ExtensibilityGlobals) = postSolution
		SolutionGuid = {82284D52-BCFF-4E33-9FF4-F0747ECF3497}
	EndGlobalSection
EndGlobal
